
Microsoft Visual Studio Solution File, Format Version 12.00
# Visual Studio Version 16
VisualStudioVersion = 16.0.30517.126
MinimumVisualStudioVersion = 10.0.40219.1
Project("{FAE04EC0-301F-11D3-BF4B-00C04F79EFBC}") = "MathServiceLibrary", "MathServiceLibrary\MathServiceLibrary.csproj", "{82043DF8-E515-4E99-A843-3EEB51763D2D}"
EndProject
Project("{FAE04EC0-301F-11D3-BF4B-00C04F79EFBC}") = "MathWindowsServiceHost", "MathWindowsServiceHost\MathWindowsServiceHost.csproj", "{1BDDD614-7A5D-4741-BCC6-B733F1EF56C1}"
EndProject
Project("{FAE04EC0-301F-11D3-BF4B-00C04F79EFBC}") = "MathClient", "MathClient\MathClient.csproj", "{4858D8A9-E534-4A98-A92F-A2B75F909D8A}"
	ProjectSection(ProjectDependencies) = postProject
		{82043DF8-E515-4E99-A843-3EEB51763D2D} = {82043DF8-E515-4E99-A843-3EEB51763D2D}
	EndProjectSection
EndProject
Global
	GlobalSection(SolutionConfigurationPlatforms) = preSolution
		Debug|Any CPU = Debug|Any CPU
		Release|Any CPU = Release|Any CPU
	EndGlobalSection
	GlobalSection(ProjectConfigurationPlatforms) = postSolution
		{82043DF8-E515-4E99-A843-3EEB51763D2D}.Debug|Any CPU.ActiveCfg = Debug|Any CPU
		{82043DF8-E515-4E99-A843-3EEB51763D2D}.Debug|Any CPU.Build.0 = Debug|Any CPU
		{82043DF8-E515-4E99-A843-3EEB51763D2D}.Release|Any CPU.ActiveCfg = Release|Any CPU
		{82043DF8-E515-4E99-A843-3EEB51763D2D}.Release|Any CPU.Build.0 = Release|Any CPU
		{1BDDD614-7A5D-4741-BCC6-B733F1EF56C1}.Debug|Any CPU.ActiveCfg = Debug|Any CPU
		{1BDDD614-7A5D-4741-BCC6-B733F1EF56C1}.Debug|Any CPU.Build.0 = Debug|Any CPU
		{1BDDD614-7A5D-4741-BCC6-B733F1EF56C1}.Release|Any CPU.ActiveCfg = Release|Any CPU
		{1BDDD614-7A5D-4741-BCC6-B733F1EF56C1}.Release|Any CPU.Build.0 = Release|Any CPU
		{4858D8A9-E534-4A98-A92F-A2B75F909D8A}.Debug|Any CPU.ActiveCfg = Debug|Any CPU
		{4858D8A9-E534-4A98-A92F-A2B75F909D8A}.Debug|Any CPU.Build.0 = Debug|Any CPU
		{4858D8A9-E534-4A98-A92F-A2B75F909D8A}.Release|Any CPU.ActiveCfg = Release|Any CPU
		{4858D8A9-E534-4A98-A92F-A2B75F909D8A}.Release|Any CPU.Build.0 = Release|Any CPU
	EndGlobalSection
	GlobalSection(SolutionProperties) = preSolution
		HideSolutionNode = FALSE
	EndGlobalSection
	GlobalSection(ExtensibilityGlobals) = postSolution
		SolutionGuid = {9F587803-2757-4D7A-B280-1212AB083EBF}
	EndGlobalSection
EndGlobal
