
Microsoft Visual Studio Solution File, Format Version 12.00
# Visual Studio Version 16
VisualStudioVersion = 16.0.30717.126
MinimumVisualStudioVersion = 10.0.40219.1
Project("{FAE04EC0-301F-11D3-BF4B-00C04F79EFBC}") = "MultiServiceLibrary", "MultiServiceLibrary\MultiServiceLibrary.csproj", "{940D298A-539F-4B30-A9FF-0AB0FE584800}"
EndProject
Project("{FAE04EC0-301F-11D3-BF4B-00C04F79EFBC}") = "MultiServiceHost", "MultiServiceHost\MultiServiceHost.csproj", "{6713713C-DA70-4B6C-9961-F9463654CF8A}"
EndProject
Project("{FAE04EC0-301F-11D3-BF4B-00C04F79EFBC}") = "MultiServiceClient", "MultiServiceClient\MultiServiceClient.csproj", "{32C4AD04-63A2-4230-BF25-8E35AAF5A892}"
EndProject
Global
	GlobalSection(SolutionConfigurationPlatforms) = preSolution
		Debug|Any CPU = Debug|Any CPU
		Release|Any CPU = Release|Any CPU
	EndGlobalSection
	GlobalSection(ProjectConfigurationPlatforms) = postSolution
		{940D298A-539F-4B30-A9FF-0AB0FE584800}.Debug|Any CPU.ActiveCfg = Debug|Any CPU
		{940D298A-539F-4B30-A9FF-0AB0FE584800}.Debug|Any CPU.Build.0 = Debug|Any CPU
		{940D298A-539F-4B30-A9FF-0AB0FE584800}.Release|Any CPU.ActiveCfg = Release|Any CPU
		{940D298A-539F-4B30-A9FF-0AB0FE584800}.Release|Any CPU.Build.0 = Release|Any CPU
		{6713713C-DA70-4B6C-9961-F9463654CF8A}.Debug|Any CPU.ActiveCfg = Debug|Any CPU
		{6713713C-DA70-4B6C-9961-F9463654CF8A}.Debug|Any CPU.Build.0 = Debug|Any CPU
		{6713713C-DA70-4B6C-9961-F9463654CF8A}.Release|Any CPU.ActiveCfg = Release|Any CPU
		{6713713C-DA70-4B6C-9961-F9463654CF8A}.Release|Any CPU.Build.0 = Release|Any CPU
		{32C4AD04-63A2-4230-BF25-8E35AAF5A892}.Debug|Any CPU.ActiveCfg = Debug|Any CPU
		{32C4AD04-63A2-4230-BF25-8E35AAF5A892}.Debug|Any CPU.Build.0 = Debug|Any CPU
		{32C4AD04-63A2-4230-BF25-8E35AAF5A892}.Release|Any CPU.ActiveCfg = Release|Any CPU
		{32C4AD04-63A2-4230-BF25-8E35AAF5A892}.Release|Any CPU.Build.0 = Release|Any CPU
	EndGlobalSection
	GlobalSection(SolutionProperties) = preSolution
		HideSolutionNode = FALSE
	EndGlobalSection
	GlobalSection(ExtensibilityGlobals) = postSolution
		SolutionGuid = {73CF4DEA-D5E2-4138-B82E-C7860A3DEF73}
	EndGlobalSection
EndGlobal
