
Microsoft Visual Studio Solution File, Format Version 12.00
# Visual Studio Version 16
VisualStudioVersion = 16.0.30517.126
MinimumVisualStudioVersion = 10.0.40219.1
Project("{FAE04EC0-301F-11D3-BF4B-00C04F79EFBC}") = "CarService", "EmployeeService\CarService.csproj", "{C88E4C85-2879-4EFD-B50A-AD9A078C1979}"
EndProject
Global
	GlobalSection(SolutionConfigurationPlatforms) = preSolution
		Debug|Any CPU = Debug|Any CPU
		Release|Any CPU = Release|Any CPU
	EndGlobalSection
	GlobalSection(ProjectConfigurationPlatforms) = postSolution
		{C88E4C85-2879-4EFD-B50A-AD9A078C1979}.Debug|Any CPU.ActiveCfg = Debug|Any CPU
		{C88E4C85-2879-4EFD-B50A-AD9A078C1979}.Debug|Any CPU.Build.0 = Debug|Any CPU
		{C88E4C85-2879-4EFD-B50A-AD9A078C1979}.Release|Any CPU.ActiveCfg = Release|Any CPU
		{C88E4C85-2879-4EFD-B50A-AD9A078C1979}.Release|Any CPU.Build.0 = Release|Any CPU
	EndGlobalSection
	GlobalSection(SolutionProperties) = preSolution
		HideSolutionNode = FALSE
	EndGlobalSection
	GlobalSection(ExtensibilityGlobals) = postSolution
		SolutionGuid = {D1D5D088-437D-4634-AD65-CEE942A536A2}
	EndGlobalSection
EndGlobal
